
Microsoft Visual Studio Solution File, Format Version 12.00
# Visual Studio Version 16
VisualStudioVersion = 16.0.29609.76
MinimumVisualStudioVersion = 10.0.40219.1
Project("{FAE04EC0-301F-11D3-BF4B-00C04F79EFBC}") = "GerenteAPI", "GerenteAPI\GerenteAPI.csproj", "{616881EB-A582-4ED9-808E-912D60876BB6}"
EndProject
Global
	GlobalSection(SolutionConfigurationPlatforms) = preSolution
		Debug|Any CPU = Debug|Any CPU
		Release|Any CPU = Release|Any CPU
	EndGlobalSection
	GlobalSection(ProjectConfigurationPlatforms) = postSolution
		{616881EB-A582-4ED9-808E-912D60876BB6}.Debug|Any CPU.ActiveCfg = Debug|Any CPU
		{616881EB-A582-4ED9-808E-912D60876BB6}.Debug|Any CPU.Build.0 = Debug|Any CPU
		{616881EB-A582-4ED9-808E-912D60876BB6}.Release|Any CPU.ActiveCfg = Release|Any CPU
		{616881EB-A582-4ED9-808E-912D60876BB6}.Release|Any CPU.Build.0 = Release|Any CPU
	EndGlobalSection
	GlobalSection(SolutionProperties) = preSolution
		HideSolutionNode = FALSE
	EndGlobalSection
	GlobalSection(ExtensibilityGlobals) = postSolution
		SolutionGuid = {A924048B-AFF2-4ADB-99DF-6E1E67DB221C}
	EndGlobalSection
EndGlobal
